{
    "_readme": [
        "This file locks the dependencies of your project to a known state",
        "Read more about it at http://getcomposer.org/doc/01-basic-usage.md#composer-lock-the-lock-file",
        "This file is @generated automatically"
    ],
    "hash": "6ed617b67c876585c4e248e97abb90e7",
    "packages": [
        {
            "name": "hoa/core",
            "version": "2.15.01.24",
            "source": {
                "type": "git",
                "url": "https://github.com/hoaproject/Core.git",
                "reference": "edf4d00e68963bbcd6f7ab8f1aa7d8b80e35d7fc"
            },
            "dist": {
                "type": "zip",
                "url": "https://api.github.com/repos/hoaproject/Core/zipball/edf4d00e68963bbcd6f7ab8f1aa7d8b80e35d7fc",
                "reference": "edf4d00e68963bbcd6f7ab8f1aa7d8b80e35d7fc",
                "shasum": ""
            },
            "require": {
                "ext-spl": "*",
                "php": ">=5.4.0"
            },
            "require-dev": {
                "hoa/test": "~1.0"
            },
            "suggest": {
                "ext-mbstring": "ext/mbstring must be present (or a third implementation).",
                "hoa/console": "To use the `hoa` script.",
                "hoa/dispatcher": "To use the `hoa` script.",
                "hoa/router": "To use the `hoa` script."
            },
            "bin": [
                "Bin/hoa"
            ],
            "type": "library",
            "extra": {
                "branch-alias": {
                    "dev-master": "2.x-dev"
                }
            },
            "autoload": {
                "psr-4": {
                    "Hoa\\Core\\": "."
                },
                "files": [
                    "Core.php"
                ]
            },
            "notification-url": "https://packagist.org/downloads/",
            "license": [
                "BSD-3-Clause"
            ],
            "authors": [
                {
                    "name": "Ivan Enderlin",
                    "email": "ivan.enderlin@hoa-project.net"
                },
                {
                    "name": "Hoa community",
                    "homepage": "http://hoa-project.net/"
                }
            ],
            "description": "The Hoa\\Core library.",
            "homepage": "http://hoa-project.net/",
            "keywords": [
                "consistency",
                "core",
                "data",
                "event",
                "library",
                "listener",
                "parameter",
                "protocol"
            ],
            "time": "2015-01-23 17:52:18"
        },
        {
            "name": "hoa/socket",
            "version": "0.14.12.10",
            "source": {
                "type": "git",
                "url": "https://github.com/hoaproject/Socket.git",
                "reference": "442ecbc9e5ca663052c720bb2d5915723002e2fd"
            },
            "dist": {
                "type": "zip",
                "url": "https://api.github.com/repos/hoaproject/Socket/zipball/442ecbc9e5ca663052c720bb2d5915723002e2fd",
                "reference": "442ecbc9e5ca663052c720bb2d5915723002e2fd",
                "shasum": ""
            },
            "require": {
                "hoa/core": "~2.0",
                "hoa/stream": "~0.0"
            },
            "type": "library",
            "extra": {
                "branch-alias": {
                    "dev-master": "0.x-dev"
                }
            },
            "autoload": {
                "psr-4": {
                    "Hoa\\Socket\\": "."
                }
            },
            "notification-url": "https://packagist.org/downloads/",
            "license": [
                "BSD-3-Clause"
            ],
            "authors": [
                {
                    "name": "Ivan Enderlin",
                    "email": "ivan.enderlin@hoa-project.net"
                },
                {
                    "name": "Hoa community",
                    "homepage": "http://hoa-project.net/"
                }
            ],
            "description": "The Hoa\\Socket library.",
            "homepage": "http://hoa-project.net/",
            "keywords": [
                "Socket",
                "client",
                "library",
                "node",
                "server",
                "tcp",
                "udp"
            ],
            "time": "2014-12-09 17:47:18"
        },
        {
            "name": "hoa/stream",
            "version": "0.14.12.10",
            "source": {
                "type": "git",
                "url": "https://github.com/hoaproject/Stream.git",
                "reference": "b72466589f167685535782592aaf336851c8732a"
            },
            "dist": {
                "type": "zip",
                "url": "https://api.github.com/repos/hoaproject/Stream/zipball/b72466589f167685535782592aaf336851c8732a",
                "reference": "b72466589f167685535782592aaf336851c8732a",
                "shasum": ""
            },
            "require": {
                "hoa/core": "~2.0"
            },
            "type": "library",
            "extra": {
                "branch-alias": {
                    "dev-master": "0.x-dev"
                }
            },
            "autoload": {
                "psr-4": {
                    "Hoa\\Stream\\": "."
                }
            },
            "notification-url": "https://packagist.org/downloads/",
            "license": [
                "BSD-3-Clause"
            ],
            "authors": [
                {
                    "name": "Ivan Enderlin",
                    "email": "ivan.enderlin@hoa-project.net"
                },
                {
                    "name": "Hoa community",
                    "homepage": "http://hoa-project.net/"
                }
            ],
            "description": "The Hoa\\Stream library.",
            "homepage": "http://hoa-project.net/",
            "keywords": [
                "Context",
                "bucket",
                "composite",
                "filter",
                "in",
                "library",
                "out",
                "protocol",
                "stream",
                "wrapper"
            ],
            "time": "2014-12-09 17:48:09"
        },
        {
            "name": "slim/slim",
            "version": "2.5.0",
            "source": {
                "type": "git",
                "url": "https://github.com/codeguy/Slim.git",
                "reference": "04958a10ed95bc7bc97568e573877d4f9b62db48"
            },
            "dist": {
                "type": "zip",
                "url": "https://api.github.com/repos/codeguy/Slim/zipball/04958a10ed95bc7bc97568e573877d4f9b62db48",
                "reference": "04958a10ed95bc7bc97568e573877d4f9b62db48",
                "shasum": ""
            },
            "require": {
                "php": ">=5.3.0"
            },
            "suggest": {
                "ext-mcrypt": "Required for HTTP cookie encryption"
            },
            "type": "library",
            "autoload": {
                "psr-0": {
                    "Slim": "."
                }
            },
            "notification-url": "https://packagist.org/downloads/",
            "license": [
                "MIT"
            ],
            "authors": [
                {
                    "name": "Josh Lockhart",
                    "email": "info@joshlockhart.com",
                    "homepage": "http://www.joshlockhart.com/"
                }
            ],
            "description": "Slim Framework, a PHP micro framework",
            "homepage": "http://github.com/codeguy/Slim",
            "keywords": [
                "microframework",
                "rest",
                "router"
            ],
            "time": "2014-12-09 19:59:29"
        }
    ],
    "packages-dev": [],
    "aliases": [],
    "minimum-stability": "stable",
    "stability-flags": [],
    "prefer-stable": false,
    "prefer-lowest": false,
    "platform": {
        "php": ">=5.4.0",
        "ext-pdo_sqlite": "*"
    },
    "platform-dev": []
}
